<?xml version="1.0" encoding="utf-8"?>
<Project ToolsVersion="17.0" xmlns="http://schemas.microsoft.com/developer/msbuild/2003">
  <ItemGroup>
    <ClCompile Include="C:\Users\kyky4\MyProject\OTP_Project\backend\main.cpp">
      <Filter>Source Files</Filter>
    </ClCompile>
    <ClCompile Include="C:\Users\kyky4\MyProject\OTP_Project\backend\Analysis\analysis.cpp">
      <Filter>Source Files</Filter>
    </ClCompile>
    <ClCompile Include="C:\Users\kyky4\MyProject\OTP_Project\backend\Analysis\save_js.cpp">
      <Filter>Source Files</Filter>
    </ClCompile>
  </ItemGroup>
  <ItemGroup>
    <CustomBuild Include="C:\Users\kyky4\MyProject\OTP_Project\backend\CMakeLists.txt" />
  </ItemGroup>
  <ItemGroup>
    <Filter Include="Source Files">
      <UniqueIdentifier>{DF62B3CD-569B-3A28-B24A-D33EE6263BC9}</UniqueIdentifier>
    </Filter>
  </ItemGroup>
</Project>
